
Microsoft Visual Studio Solution File, Format Version 12.00
# Visual Studio Version 16
VisualStudioVersion = 16.0.31205.134
MinimumVisualStudioVersion = 10.0.40219.1
Project("{FAE04EC0-301F-11D3-BF4B-00C04F79EFBC}") = "Language Game", "Language Game\Language Game.csproj", "{5F8400D1-2D3F-40F2-B459-B17613EE127F}"
EndProject
Global
	GlobalSection(SolutionConfigurationPlatforms) = preSolution
		Debug|Any CPU = Debug|Any CPU
		Release|Any CPU = Release|Any CPU
	EndGlobalSection
	GlobalSection(ProjectConfigurationPlatforms) = postSolution
		{5F8400D1-2D3F-40F2-B459-B17613EE127F}.Debug|Any CPU.ActiveCfg = Debug|Any CPU
		{5F8400D1-2D3F-40F2-B459-B17613EE127F}.Debug|Any CPU.Build.0 = Debug|Any CPU
		{5F8400D1-2D3F-40F2-B459-B17613EE127F}.Release|Any CPU.ActiveCfg = Release|Any CPU
		{5F8400D1-2D3F-40F2-B459-B17613EE127F}.Release|Any CPU.Build.0 = Release|Any CPU
	EndGlobalSection
	GlobalSection(SolutionProperties) = preSolution
		HideSolutionNode = FALSE
	EndGlobalSection
	GlobalSection(ExtensibilityGlobals) = postSolution
		SolutionGuid = {D3DD8BFA-D6EF-406B-A281-3F9D9747AD60}
	EndGlobalSection
EndGlobal
